
Microsoft Visual Studio Solution File, Format Version 12.00
# Visual Studio 15
VisualStudioVersion = 15.0.27130.2010
MinimumVisualStudioVersion = 10.0.40219.1
Project("{2150E333-8FDC-42A3-9474-1A3956D46DE8}") = "Solution Items", "Solution Items", "{71A2483F-7525-444B-B67B-2C5B42E8A2D3}"
	ProjectSection(SolutionItems) = preProject
		appveyor.yml = appveyor.yml
		NuGet.Config = NuGet.Config
		README.md = README.md
	EndProjectSection
EndProject
Project("{9A19103F-16F7-4668-BE54-9A1E7A4F7556}") = "toofz.Services", "toofz.Services\toofz.Services.csproj", "{C9714900-D29B-487F-AABF-C0DAD918DF1E}"
EndProject
Project("{9A19103F-16F7-4668-BE54-9A1E7A4F7556}") = "toofz.Services.Tests", "toofz.Services.Tests\toofz.Services.Tests.csproj", "{993DFE71-2480-4C10-8B39-6720275D8966}"
EndProject
Global
	GlobalSection(SolutionConfigurationPlatforms) = preSolution
		Debug|Any CPU = Debug|Any CPU
		Release|Any CPU = Release|Any CPU
	EndGlobalSection
	GlobalSection(ProjectConfigurationPlatforms) = postSolution
		{C9714900-D29B-487F-AABF-C0DAD918DF1E}.Debug|Any CPU.ActiveCfg = Debug|Any CPU
		{C9714900-D29B-487F-AABF-C0DAD918DF1E}.Debug|Any CPU.Build.0 = Debug|Any CPU
		{C9714900-D29B-487F-AABF-C0DAD918DF1E}.Release|Any CPU.ActiveCfg = Release|Any CPU
		{C9714900-D29B-487F-AABF-C0DAD918DF1E}.Release|Any CPU.Build.0 = Release|Any CPU
		{993DFE71-2480-4C10-8B39-6720275D8966}.Debug|Any CPU.ActiveCfg = Debug|Any CPU
		{993DFE71-2480-4C10-8B39-6720275D8966}.Debug|Any CPU.Build.0 = Debug|Any CPU
		{993DFE71-2480-4C10-8B39-6720275D8966}.Release|Any CPU.ActiveCfg = Release|Any CPU
		{993DFE71-2480-4C10-8B39-6720275D8966}.Release|Any CPU.Build.0 = Release|Any CPU
	EndGlobalSection
	GlobalSection(SolutionProperties) = preSolution
		HideSolutionNode = FALSE
	EndGlobalSection
	GlobalSection(ExtensibilityGlobals) = postSolution
		SolutionGuid = {E3477E52-34F9-4CBD-AD96-C776C3636692}
	EndGlobalSection
EndGlobal
