
Microsoft Visual Studio Solution File, Format Version 12.00
# Visual Studio 15
VisualStudioVersion = 15.0.27004.2006
MinimumVisualStudioVersion = 10.0.40219.1
Project("{2150E333-8FDC-42A3-9474-1A3956D46DE8}") = "Solution Items", "Solution Items", "{71A2483F-7525-444B-B67B-2C5B42E8A2D3}"
	ProjectSection(SolutionItems) = preProject
		appveyor.yml = appveyor.yml
		NuGet.Config = NuGet.Config
		README.md = README.md
		toofz.Services\toofz.Services.nuspec = toofz.Services\toofz.Services.nuspec
	EndProjectSection
EndProject
Project("{FAE04EC0-301F-11D3-BF4B-00C04F79EFBC}") = "toofz.Services", "toofz.Services\toofz.Services.csproj", "{A80ACE15-8A80-4912-AED0-385CC94B3974}"
EndProject
Project("{FAE04EC0-301F-11D3-BF4B-00C04F79EFBC}") = "toofz.Services.Tests", "toofz.Services.Tests\toofz.Services.Tests.csproj", "{EDA22AE2-0BD6-49A9-B4AB-38518335EDFD}"
EndProject
Global
	GlobalSection(SolutionConfigurationPlatforms) = preSolution
		Debug|Any CPU = Debug|Any CPU
		Release|Any CPU = Release|Any CPU
	EndGlobalSection
	GlobalSection(ProjectConfigurationPlatforms) = postSolution
		{A80ACE15-8A80-4912-AED0-385CC94B3974}.Debug|Any CPU.ActiveCfg = Debug|Any CPU
		{A80ACE15-8A80-4912-AED0-385CC94B3974}.Debug|Any CPU.Build.0 = Debug|Any CPU
		{A80ACE15-8A80-4912-AED0-385CC94B3974}.Release|Any CPU.ActiveCfg = Release|Any CPU
		{A80ACE15-8A80-4912-AED0-385CC94B3974}.Release|Any CPU.Build.0 = Release|Any CPU
		{EDA22AE2-0BD6-49A9-B4AB-38518335EDFD}.Debug|Any CPU.ActiveCfg = Debug|Any CPU
		{EDA22AE2-0BD6-49A9-B4AB-38518335EDFD}.Debug|Any CPU.Build.0 = Debug|Any CPU
		{EDA22AE2-0BD6-49A9-B4AB-38518335EDFD}.Release|Any CPU.ActiveCfg = Release|Any CPU
		{EDA22AE2-0BD6-49A9-B4AB-38518335EDFD}.Release|Any CPU.Build.0 = Release|Any CPU
	EndGlobalSection
	GlobalSection(SolutionProperties) = preSolution
		HideSolutionNode = FALSE
	EndGlobalSection
	GlobalSection(ExtensibilityGlobals) = postSolution
		SolutionGuid = {E3477E52-34F9-4CBD-AD96-C776C3636692}
	EndGlobalSection
EndGlobal
